// !$*UTF8*$!
{
	archiveVersion = 1;
	classes = {
	};
	objectVersion = 46;
	objects = {

/* Begin PBXBuildFile section */
		5E0A68061863DB0D0063E521 /* Cocoa.framework in Frameworks */ = {isa = PBXBuildFile; fileRef = 5E0A68051863DB0D0063E521 /* Cocoa.framework */; };
		5E0A68101863DB0D0063E521 /* InfoPlist.strings in Resources */ = {isa = PBXBuildFile; fileRef = 5E0A680E1863DB0D0063E521 /* InfoPlist.strings */; };
		5E0A68121863DB0D0063E521 /* main.m in Sources */ = {isa = PBXBuildFile; fileRef = 5E0A68111863DB0D0063E521 /* main.m */; };
		5E0A68161863DB0D0063E521 /* Credits.rtf in Resources */ = {isa = PBXBuildFile; fileRef = 5E0A68141863DB0D0063E521 /* Credits.rtf */; };
		5E0A68191863DB0D0063E521 /* AppDelegate.m in Sources */ = {isa = PBXBuildFile; fileRef = 5E0A68181863DB0D0063E521 /* AppDelegate.m */; };
		5E0A681E1863DB0D0063E521 /* Images.xcassets in Resources */ = {isa = PBXBuildFile; fileRef = 5E0A681D1863DB0D0063E521 /* Images.xcassets */; };
		5E0A68251863DB0D0063E521 /* XCTest.framework in Frameworks */ = {isa = PBXBuildFile; fileRef = 5E0A68241863DB0D0063E521 /* XCTest.framework */; };
		5E0A68261863DB0D0063E521 /* Cocoa.framework in Frameworks */ = {isa = PBXBuildFile; fileRef = 5E0A68051863DB0D0063E521 /* Cocoa.framework */; };
		5E0A682E1863DB0E0063E521 /* InfoPlist.strings in Resources */ = {isa = PBXBuildFile; fileRef = 5E0A682C1863DB0E0063E521 /* InfoPlist.strings */; };
		5E0A68301863DB0E0063E521 /* TimeColorTests.m in Sources */ = {isa = PBXBuildFile; fileRef = 5E0A682F1863DB0E0063E521 /* TimeColorTests.m */; };
		5EFC315818677E3E00C0657D /* TimeColorHelper.app in CopyFiles */ = {isa = PBXBuildFile; fileRef = 5EFC31541866C78600C0657D /* TimeColorHelper.app */; };
		5EFC315B1867875200C0657D /* ServiceManagement.framework in Frameworks */ = {isa = PBXBuildFile; fileRef = 5EFC315A1867875200C0657D /* ServiceManagement.framework */; };
/* End PBXBuildFile section */

/* Begin PBXContainerItemProxy section */
		5E0A68271863DB0E0063E521 /* PBXContainerItemProxy */ = {
			isa = PBXContainerItemProxy;
			containerPortal = 5E0A67FA1863DB0D0063E521 /* Project object */;
			proxyType = 1;
			remoteGlobalIDString = 5E0A68011863DB0D0063E521;
			remoteInfo = TimeColor;
		};
		5EFC31531866C78600C0657D /* PBXContainerItemProxy */ = {
			isa = PBXContainerItemProxy;
			containerPortal = 5EFC314E1866C78500C0657D /* TimeColorHelper.xcodeproj */;
			proxyType = 2;
			remoteGlobalIDString = 5EFC31171866C78500C0657D;
			remoteInfo = TimeColorHelper;
		};
		5EFC31551866C78600C0657D /* PBXContainerItemProxy */ = {
			isa = PBXContainerItemProxy;
			containerPortal = 5EFC314E1866C78500C0657D /* TimeColorHelper.xcodeproj */;
			proxyType = 2;
			remoteGlobalIDString = 5EFC31381866C78500C0657D;
			remoteInfo = TimeColorHelperTests;
		};
/* End PBXContainerItemProxy section */

/* Begin PBXCopyFilesBuildPhase section */
		5EFC315718677E1B00C0657D /* CopyFiles */ = {
			isa = PBXCopyFilesBuildPhase;
			buildActionMask = 2147483647;
			dstPath = Contents/Library/LoginItems;
			dstSubfolderSpec = 1;
			files = (
				5EFC315818677E3E00C0657D /* TimeColorHelper.app in CopyFiles */,
			);
			runOnlyForDeploymentPostprocessing = 0;
		};
/* End PBXCopyFilesBuildPhase section */

/* Begin PBXFileReference section */
		5E0A68021863DB0D0063E521 /* TimeColor.app */ = {isa = PBXFileReference; explicitFileType = wrapper.application; includeInIndex = 0; path = TimeColor.app; sourceTree = BUILT_PRODUCTS_DIR; };
		5E0A68051863DB0D0063E521 /* Cocoa.framework */ = {isa = PBXFileReference; lastKnownFileType = wrapper.framework; name = Cocoa.framework; path = System/Library/Frameworks/Cocoa.framework; sourceTree = SDKROOT; };
		5E0A68081863DB0D0063E521 /* AppKit.framework */ = {isa = PBXFileReference; lastKnownFileType = wrapper.framework; name = AppKit.framework; path = System/Library/Frameworks/AppKit.framework; sourceTree = SDKROOT; };
		5E0A68091863DB0D0063E521 /* CoreData.framework */ = {isa = PBXFileReference; lastKnownFileType = wrapper.framework; name = CoreData.framework; path = System/Library/Frameworks/CoreData.framework; sourceTree = SDKROOT; };
		5E0A680A1863DB0D0063E521 /* Foundation.framework */ = {isa = PBXFileReference; lastKnownFileType = wrapper.framework; name = Foundation.framework; path = System/Library/Frameworks/Foundation.framework; sourceTree = SDKROOT; };
		5E0A680D1863DB0D0063E521 /* TimeColor-Info.plist */ = {isa = PBXFileReference; lastKnownFileType = text.plist.xml; path = "TimeColor-Info.plist"; sourceTree = "<group>"; };
		5E0A680F1863DB0D0063E521 /* en */ = {isa = PBXFileReference; lastKnownFileType = text.plist.strings; name = en; path = en.lproj/InfoPlist.strings; sourceTree = "<group>"; };
		5E0A68111863DB0D0063E521 /* main.m */ = {isa = PBXFileReference; lastKnownFileType = sourcecode.c.objc; path = main.m; sourceTree = "<group>"; };
		5E0A68131863DB0D0063E521 /* TimeColor-Prefix.pch */ = {isa = PBXFileReference; lastKnownFileType = sourcecode.c.h; path = "TimeColor-Prefix.pch"; sourceTree = "<group>"; };
		5E0A68151863DB0D0063E521 /* en */ = {isa = PBXFileReference; lastKnownFileType = text.rtf; name = en; path = en.lproj/Credits.rtf; sourceTree = "<group>"; };
		5E0A68171863DB0D0063E521 /* AppDelegate.h */ = {isa = PBXFileReference; lastKnownFileType = sourcecode.c.h; path = AppDelegate.h; sourceTree = "<group>"; };
		5E0A68181863DB0D0063E521 /* AppDelegate.m */ = {isa = PBXFileReference; lastKnownFileType = sourcecode.c.objc; path = AppDelegate.m; sourceTree = "<group>"; };
		5E0A681D1863DB0D0063E521 /* Images.xcassets */ = {isa = PBXFileReference; lastKnownFileType = folder.assetcatalog; path = Images.xcassets; sourceTree = "<group>"; };
		5E0A68231863DB0D0063E521 /* TimeColorTests.xctest */ = {isa = PBXFileReference; explicitFileType = wrapper.cfbundle; includeInIndex = 0; path = TimeColorTests.xctest; sourceTree = BUILT_PRODUCTS_DIR; };
		5E0A68241863DB0D0063E521 /* XCTest.framework */ = {isa = PBXFileReference; lastKnownFileType = wrapper.framework; name = XCTest.framework; path = Library/Frameworks/XCTest.framework; sourceTree = DEVELOPER_DIR; };
		5E0A682B1863DB0E0063E521 /* TimeColorTests-Info.plist */ = {isa = PBXFileReference; lastKnownFileType = text.plist.xml; path = "TimeColorTests-Info.plist"; sourceTree = "<group>"; };
		5E0A682D1863DB0E0063E521 /* en */ = {isa = PBXFileReference; lastKnownFileType = text.plist.strings; name = en; path = en.lproj/InfoPlist.strings; sourceTree = "<group>"; };
		5E0A682F1863DB0E0063E521 /* TimeColorTests.m */ = {isa = PBXFileReference; lastKnownFileType = sourcecode.c.objc; path = TimeColorTests.m; sourceTree = "<group>"; };
		5E8174B518657B140086DFDB /* timeColor_icns_src.ai */ = {isa = PBXFileReference; lastKnownFileType = text; path = timeColor_icns_src.ai; sourceTree = "<group>"; };
		5EC61E63186516B800B171F7 /* QuartzCore.framework */ = {isa = PBXFileReference; lastKnownFileType = wrapper.framework; name = QuartzCore.framework; path = System/Library/Frameworks/QuartzCore.framework; sourceTree = SDKROOT; };
		5EFC314E1866C78500C0657D /* TimeColorHelper.xcodeproj */ = {isa = PBXFileReference; lastKnownFileType = "wrapper.pb-project"; name = TimeColorHelper.xcodeproj; path = TimeColorHelper/TimeColorHelper.xcodeproj; sourceTree = "<group>"; };
		5EFC315918677E6700C0657D /* TimeColor.entitlements */ = {isa = PBXFileReference; lastKnownFileType = text.xml; path = TimeColor.entitlements; sourceTree = "<group>"; };
		5EFC315A1867875200C0657D /* ServiceManagement.framework */ = {isa = PBXFileReference; lastKnownFileType = wrapper.framework; name = ServiceManagement.framework; path = System/Library/Frameworks/ServiceManagement.framework; sourceTree = SDKROOT; };
/* End PBXFileReference section */

/* Begin PBXFrameworksBuildPhase section */
		5E0A67FF1863DB0D0063E521 /* Frameworks */ = {
			isa = PBXFrameworksBuildPhase;
			buildActionMask = 2147483647;
			files = (
				5EFC315B1867875200C0657D /* ServiceManagement.framework in Frameworks */,
				5E0A68061863DB0D0063E521 /* Cocoa.framework in Frameworks */,
			);
			runOnlyForDeploymentPostprocessing = 0;
		};
		5E0A68201863DB0D0063E521 /* Frameworks */ = {
			isa = PBXFrameworksBuildPhase;
			buildActionMask = 2147483647;
			files = (
				5E0A68261863DB0D0063E521 /* Cocoa.framework in Frameworks */,
				5E0A68251863DB0D0063E521 /* XCTest.framework in Frameworks */,
			);
			runOnlyForDeploymentPostprocessing = 0;
		};
/* End PBXFrameworksBuildPhase section */

/* Begin PBXGroup section */
		5E0A67F91863DB0D0063E521 = {
			isa = PBXGroup;
			children = (
				5EFC314E1866C78500C0657D /* TimeColorHelper.xcodeproj */,
				5E0A680B1863DB0D0063E521 /* TimeColor */,
				5E0A68291863DB0E0063E521 /* TimeColorTests */,
				5E0A68041863DB0D0063E521 /* Frameworks */,
				5E0A68031863DB0D0063E521 /* Products */,
			);
			sourceTree = "<group>";
		};
		5E0A68031863DB0D0063E521 /* Products */ = {
			isa = PBXGroup;
			children = (
				5E0A68021863DB0D0063E521 /* TimeColor.app */,
				5E0A68231863DB0D0063E521 /* TimeColorTests.xctest */,
			);
			name = Products;
			sourceTree = "<group>";
		};
		5E0A68041863DB0D0063E521 /* Frameworks */ = {
			isa = PBXGroup;
			children = (
				5EFC315A1867875200C0657D /* ServiceManagement.framework */,
				5EC61E63186516B800B171F7 /* QuartzCore.framework */,
				5E0A68051863DB0D0063E521 /* Cocoa.framework */,
				5E0A68241863DB0D0063E521 /* XCTest.framework */,
				5E0A68071863DB0D0063E521 /* Other Frameworks */,
			);
			name = Frameworks;
			sourceTree = "<group>";
		};
		5E0A68071863DB0D0063E521 /* Other Frameworks */ = {
			isa = PBXGroup;
			children = (
				5E0A68081863DB0D0063E521 /* AppKit.framework */,
				5E0A68091863DB0D0063E521 /* CoreData.framework */,
				5E0A680A1863DB0D0063E521 /* Foundation.framework */,
			);
			name = "Other Frameworks";
			sourceTree = "<group>";
		};
		5E0A680B1863DB0D0063E521 /* TimeColor */ = {
			isa = PBXGroup;
			children = (
				5EFC315918677E6700C0657D /* TimeColor.entitlements */,
				5E8174B518657B140086DFDB /* timeColor_icns_src.ai */,
				5E0A68171863DB0D0063E521 /* AppDelegate.h */,
				5E0A68181863DB0D0063E521 /* AppDelegate.m */,
				5E0A681D1863DB0D0063E521 /* Images.xcassets */,
				5E0A680C1863DB0D0063E521 /* Supporting Files */,
			);
			path = TimeColor;
			sourceTree = "<group>";
		};
		5E0A680C1863DB0D0063E521 /* Supporting Files */ = {
			isa = PBXGroup;
			children = (
				5E0A680D1863DB0D0063E521 /* TimeColor-Info.plist */,
				5E0A680E1863DB0D0063E521 /* InfoPlist.strings */,
				5E0A68111863DB0D0063E521 /* main.m */,
				5E0A68131863DB0D0063E521 /* TimeColor-Prefix.pch */,
				5E0A68141863DB0D0063E521 /* Credits.rtf */,
			);
			name = "Supporting Files";
			sourceTree = "<group>";
		};
		5E0A68291863DB0E0063E521 /* TimeColorTests */ = {
			isa = PBXGroup;
			children = (
				5E0A682F1863DB0E0063E521 /* TimeColorTests.m */,
				5E0A682A1863DB0E0063E521 /* Supporting Files */,
			);
			path = TimeColorTests;
			sourceTree = "<group>";
		};
		5E0A682A1863DB0E0063E521 /* Supporting Files */ = {
			isa = PBXGroup;
			children = (
				5E0A682B1863DB0E0063E521 /* TimeColorTests-Info.plist */,
				5E0A682C1863DB0E0063E521 /* InfoPlist.strings */,
			);
			name = "Supporting Files";
			sourceTree = "<group>";
		};
		5EFC314F1866C78500C0657D /* Products */ = {
			isa = PBXGroup;
			children = (
				5EFC31541866C78600C0657D /* TimeColorHelper.app */,
				5EFC31561866C78600C0657D /* TimeColorHelperTests.xctest */,
			);
			name = Products;
			sourceTree = "<group>";
		};
/* End PBXGroup section */

/* Begin PBXNativeTarget section */
		5E0A68011863DB0D0063E521 /* TimeColor */ = {
			isa = PBXNativeTarget;
			buildConfigurationList = 5E0A68331863DB0E0063E521 /* Build configuration list for PBXNativeTarget "TimeColor" */;
			buildPhases = (
				5E0A67FE1863DB0D0063E521 /* Sources */,
				5E0A67FF1863DB0D0063E521 /* Frameworks */,
				5E0A68001863DB0D0063E521 /* Resources */,
				5EFC315718677E1B00C0657D /* CopyFiles */,
			);
			buildRules = (
			);
			dependencies = (
			);
			name = TimeColor;
			productName = TimeColor;
			productReference = 5E0A68021863DB0D0063E521 /* TimeColor.app */;
			productType = "com.apple.product-type.application";
		};
		5E0A68221863DB0D0063E521 /* TimeColorTests */ = {
			isa = PBXNativeTarget;
			buildConfigurationList = 5E0A68361863DB0E0063E521 /* Build configuration list for PBXNativeTarget "TimeColorTests" */;
			buildPhases = (
				5E0A681F1863DB0D0063E521 /* Sources */,
				5E0A68201863DB0D0063E521 /* Frameworks */,
				5E0A68211863DB0D0063E521 /* Resources */,
			);
			buildRules = (
			);
			dependencies = (
				5E0A68281863DB0E0063E521 /* PBXTargetDependency */,
			);
			name = TimeColorTests;
			productName = TimeColorTests;
			productReference = 5E0A68231863DB0D0063E521 /* TimeColorTests.xctest */;
			productType = "com.apple.product-type.bundle.unit-test";
		};
/* End PBXNativeTarget section */

/* Begin PBXProject section */
		5E0A67FA1863DB0D0063E521 /* Project object */ = {
			isa = PBXProject;
			attributes = {
				LastUpgradeCheck = 0500;
				ORGANIZATIONNAME = "Issue Press";
				TargetAttributes = {
					5E0A68011863DB0D0063E521 = {
						SystemCapabilities = {
							com.apple.Sandbox = {
								enabled = 1;
							};
						};
					};
					5E0A68221863DB0D0063E521 = {
						TestTargetID = 5E0A68011863DB0D0063E521;
					};
				};
			};
			buildConfigurationList = 5E0A67FD1863DB0D0063E521 /* Build configuration list for PBXProject "TimeColor" */;
			compatibilityVersion = "Xcode 3.2";
			developmentRegion = English;
			hasScannedForEncodings = 0;
			knownRegions = (
				en,
				Base,
			);
			mainGroup = 5E0A67F91863DB0D0063E521;
			productRefGroup = 5E0A68031863DB0D0063E521 /* Products */;
			projectDirPath = "";
			projectReferences = (
				{
					ProductGroup = 5EFC314F1866C78500C0657D /* Products */;
					ProjectRef = 5EFC314E1866C78500C0657D /* TimeColorHelper.xcodeproj */;
				},
			);
			projectRoot = "";
			targets = (
				5E0A68011863DB0D0063E521 /* TimeColor */,
				5E0A68221863DB0D0063E521 /* TimeColorTests */,
			);
		};
/* End PBXProject section */

/* Begin PBXReferenceProxy section */
		5EFC31541866C78600C0657D /* TimeColorHelper.app */ = {
			isa = PBXReferenceProxy;
			fileType = wrapper.application;
			path = TimeColorHelper.app;
			remoteRef = 5EFC31531866C78600C0657D /* PBXContainerItemProxy */;
			sourceTree = BUILT_PRODUCTS_DIR;
		};
		5EFC31561866C78600C0657D /* TimeColorHelperTests.xctest */ = {
			isa = PBXReferenceProxy;
			fileType = wrapper.cfbundle;
			path = TimeColorHelperTests.xctest;
			remoteRef = 5EFC31551866C78600C0657D /* PBXContainerItemProxy */;
			sourceTree = BUILT_PRODUCTS_DIR;
		};
/* End PBXReferenceProxy section */

/* Begin PBXResourcesBuildPhase section */
		5E0A68001863DB0D0063E521 /* Resources */ = {
			isa = PBXResourcesBuildPhase;
			buildActionMask = 2147483647;
			files = (
				5E0A68101863DB0D0063E521 /* InfoPlist.strings in Resources */,
				5E0A681E1863DB0D0063E521 /* Images.xcassets in Resources */,
				5E0A68161863DB0D0063E521 /* Credits.rtf in Resources */,
			);
			runOnlyForDeploymentPostprocessing = 0;
		};
		5E0A68211863DB0D0063E521 /* Resources */ = {
			isa = PBXResourcesBuildPhase;
			buildActionMask = 2147483647;
			files = (
				5E0A682E1863DB0E0063E521 /* InfoPlist.strings in Resources */,
			);
			runOnlyForDeploymentPostprocessing = 0;
		};
/* End PBXResourcesBuildPhase section */

/* Begin PBXSourcesBuildPhase section */
		5E0A67FE1863DB0D0063E521 /* Sources */ = {
			isa = PBXSourcesBuildPhase;
			buildActionMask = 2147483647;
			files = (
				5E0A68191863DB0D0063E521 /* AppDelegate.m in Sources */,
				5E0A68121863DB0D0063E521 /* main.m in Sources */,
			);
			runOnlyForDeploymentPostprocessing = 0;
		};
		5E0A681F1863DB0D0063E521 /* Sources */ = {
			isa = PBXSourcesBuildPhase;
			buildActionMask = 2147483647;
			files = (
				5E0A68301863DB0E0063E521 /* TimeColorTests.m in Sources */,
			);
			runOnlyForDeploymentPostprocessing = 0;
		};
/* End PBXSourcesBuildPhase section */

/* Begin PBXTargetDependency section */
		5E0A68281863DB0E0063E521 /* PBXTargetDependency */ = {
			isa = PBXTargetDependency;
			target = 5E0A68011863DB0D0063E521 /* TimeColor */;
			targetProxy = 5E0A68271863DB0E0063E521 /* PBXContainerItemProxy */;
		};
/* End PBXTargetDependency section */

/* Begin PBXVariantGroup section */
		5E0A680E1863DB0D0063E521 /* InfoPlist.strings */ = {
			isa = PBXVariantGroup;
			children = (
				5E0A680F1863DB0D0063E521 /* en */,
			);
			name = InfoPlist.strings;
			sourceTree = "<group>";
		};
		5E0A68141863DB0D0063E521 /* Credits.rtf */ = {
			isa = PBXVariantGroup;
			children = (
				5E0A68151863DB0D0063E521 /* en */,
			);
			name = Credits.rtf;
			sourceTree = "<group>";
		};
		5E0A682C1863DB0E0063E521 /* InfoPlist.strings */ = {
			isa = PBXVariantGroup;
			children = (
				5E0A682D1863DB0E0063E521 /* en */,
			);
			name = InfoPlist.strings;
			sourceTree = "<group>";
		};
/* End PBXVariantGroup section */

/* Begin XCBuildConfiguration section */
		5E0A68311863DB0E0063E521 /* Debug */ = {
			isa = XCBuildConfiguration;
			buildSettings = {
				ALWAYS_SEARCH_USER_PATHS = NO;
				CLANG_CXX_LANGUAGE_STANDARD = "gnu++0x";
				CLANG_CXX_LIBRARY = "libc++";
				CLANG_ENABLE_OBJC_ARC = YES;
				CLANG_WARN_BOOL_CONVERSION = YES;
				CLANG_WARN_CONSTANT_CONVERSION = YES;
				CLANG_WARN_DIRECT_OBJC_ISA_USAGE = YES_ERROR;
				CLANG_WARN_EMPTY_BODY = YES;
				CLANG_WARN_ENUM_CONVERSION = YES;
				CLANG_WARN_INT_CONVERSION = YES;
				CLANG_WARN_OBJC_ROOT_CLASS = YES_ERROR;
				CLANG_WARN__DUPLICATE_METHOD_MATCH = YES;
				COPY_PHASE_STRIP = NO;
				GCC_C_LANGUAGE_STANDARD = gnu99;
				GCC_DYNAMIC_NO_PIC = NO;
				GCC_ENABLE_OBJC_EXCEPTIONS = YES;
				GCC_OPTIMIZATION_LEVEL = 0;
				GCC_PREPROCESSOR_DEFINITIONS = (
					"DEBUG=1",
					"$(inherited)",
				);
				GCC_SYMBOLS_PRIVATE_EXTERN = NO;
				GCC_WARN_64_TO_32_BIT_CONVERSION = YES;
				GCC_WARN_ABOUT_RETURN_TYPE = YES_ERROR;
				GCC_WARN_UNDECLARED_SELECTOR = YES;
				GCC_WARN_UNINITIALIZED_AUTOS = YES;
				GCC_WARN_UNUSED_FUNCTION = YES;
				GCC_WARN_UNUSED_VARIABLE = YES;
				MACOSX_DEPLOYMENT_TARGET = 10.7;
				ONLY_ACTIVE_ARCH = YES;
				SDKROOT = macosx;
			};
			name = Debug;
		};
		5E0A68321863DB0E0063E521 /* Release */ = {
			isa = XCBuildConfiguration;
			buildSettings = {
				ALWAYS_SEARCH_USER_PATHS = NO;
				CLANG_CXX_LANGUAGE_STANDARD = "gnu++0x";
				CLANG_CXX_LIBRARY = "libc++";
				CLANG_ENABLE_OBJC_ARC = YES;
				CLANG_WARN_BOOL_CONVERSION = YES;
				CLANG_WARN_CONSTANT_CONVERSION = YES;
				CLANG_WARN_DIRECT_OBJC_ISA_USAGE = YES_ERROR;
				CLANG_WARN_EMPTY_BODY = YES;
				CLANG_WARN_ENUM_CONVERSION = YES;
				CLANG_WARN_INT_CONVERSION = YES;
				CLANG_WARN_OBJC_ROOT_CLASS = YES_ERROR;
				CLANG_WARN__DUPLICATE_METHOD_MATCH = YES;
				COPY_PHASE_STRIP = NO;
				DEBUG_INFORMATION_FORMAT = "dwarf-with-dsym";
				ENABLE_NS_ASSERTIONS = NO;
				GCC_C_LANGUAGE_STANDARD = gnu99;
				GCC_ENABLE_OBJC_EXCEPTIONS = YES;
				GCC_WARN_64_TO_32_BIT_CONVERSION = YES;
				GCC_WARN_ABOUT_RETURN_TYPE = YES_ERROR;
				GCC_WARN_UNDECLARED_SELECTOR = YES;
				GCC_WARN_UNINITIALIZED_AUTOS = YES;
				GCC_WARN_UNUSED_FUNCTION = YES;
				GCC_WARN_UNUSED_VARIABLE = YES;
				MACOSX_DEPLOYMENT_TARGET = 10.7;
				SDKROOT = macosx;
			};
			name = Release;
		};
		5E0A68341863DB0E0063E521 /* Debug */ = {
			isa = XCBuildConfiguration;
			buildSettings = {
				ASSETCATALOG_COMPILER_APPICON_NAME = AppIcon;
				CODE_SIGN_ENTITLEMENTS = TimeColor/TimeColor.entitlements;
				CODE_SIGN_IDENTITY = "";
				COMBINE_HIDPI_IMAGES = YES;
				GCC_PRECOMPILE_PREFIX_HEADER = YES;
				GCC_PREFIX_HEADER = "TimeColor/TimeColor-Prefix.pch";
				INFOPLIST_FILE = "TimeColor/TimeColor-Info.plist";
				MACOSX_DEPLOYMENT_TARGET = 10.7;
				PRODUCT_NAME = "$(TARGET_NAME)";
				WRAPPER_EXTENSION = app;
			};
			name = Debug;
		};
		5E0A68351863DB0E0063E521 /* Release */ = {
			isa = XCBuildConfiguration;
			buildSettings = {
				ASSETCATALOG_COMPILER_APPICON_NAME = AppIcon;
				CODE_SIGN_ENTITLEMENTS = TimeColor/TimeColor.entitlements;
				CODE_SIGN_IDENTITY = "";
				COMBINE_HIDPI_IMAGES = YES;
				GCC_PRECOMPILE_PREFIX_HEADER = YES;
				GCC_PREFIX_HEADER = "TimeColor/TimeColor-Prefix.pch";
				INFOPLIST_FILE = "TimeColor/TimeColor-Info.plist";
				MACOSX_DEPLOYMENT_TARGET = 10.7;
				PRODUCT_NAME = "$(TARGET_NAME)";
				WRAPPER_EXTENSION = app;
			};
			name = Release;
		};
		5E0A68371863DB0E0063E521 /* Debug */ = {
			isa = XCBuildConfiguration;
			buildSettings = {
				BUNDLE_LOADER = "$(BUILT_PRODUCTS_DIR)/TimeColor.app/Contents/MacOS/TimeColor";
				COMBINE_HIDPI_IMAGES = YES;
				FRAMEWORK_SEARCH_PATHS = (
					"$(DEVELOPER_FRAMEWORKS_DIR)",
					"$(inherited)",
				);
				GCC_PRECOMPILE_PREFIX_HEADER = YES;
				GCC_PREFIX_HEADER = "TimeColor/TimeColor-Prefix.pch";
				GCC_PREPROCESSOR_DEFINITIONS = (
					"DEBUG=1",
					"$(inherited)",
				);
				INFOPLIST_FILE = "TimeColorTests/TimeColorTests-Info.plist";
				PRODUCT_NAME = "$(TARGET_NAME)";
				TEST_HOST = "$(BUNDLE_LOADER)";
				WRAPPER_EXTENSION = xctest;
			};
			name = Debug;
		};
		5E0A68381863DB0E0063E521 /* Release */ = {
			isa = XCBuildConfiguration;
			buildSettings = {
				BUNDLE_LOADER = "$(BUILT_PRODUCTS_DIR)/TimeColor.app/Contents/MacOS/TimeColor";
				COMBINE_HIDPI_IMAGES = YES;
				FRAMEWORK_SEARCH_PATHS = (
					"$(DEVELOPER_FRAMEWORKS_DIR)",
					"$(inherited)",
				);
				GCC_PRECOMPILE_PREFIX_HEADER = YES;
				GCC_PREFIX_HEADER = "TimeColor/TimeColor-Prefix.pch";
				INFOPLIST_FILE = "TimeColorTests/TimeColorTests-Info.plist";
				PRODUCT_NAME = "$(TARGET_NAME)";
				TEST_HOST = "$(BUNDLE_LOADER)";
				WRAPPER_EXTENSION = xctest;
			};
			name = Release;
		};
/* End XCBuildConfiguration section */

/* Begin XCConfigurationList section */
		5E0A67FD1863DB0D0063E521 /* Build configuration list for PBXProject "TimeColor" */ = {
			isa = XCConfigurationList;
			buildConfigurations = (
				5E0A68311863DB0E0063E521 /* Debug */,
				5E0A68321863DB0E0063E521 /* Release */,
			);
			defaultConfigurationIsVisible = 0;
			defaultConfigurationName = Release;
		};
		5E0A68331863DB0E0063E521 /* Build configuration list for PBXNativeTarget "TimeColor" */ = {
			isa = XCConfigurationList;
			buildConfigurations = (
				5E0A68341863DB0E0063E521 /* Debug */,
				5E0A68351863DB0E0063E521 /* Release */,
			);
			defaultConfigurationIsVisible = 0;
			defaultConfigurationName = Release;
		};
		5E0A68361863DB0E0063E521 /* Build configuration list for PBXNativeTarget "TimeColorTests" */ = {
			isa = XCConfigurationList;
			buildConfigurations = (
				5E0A68371863DB0E0063E521 /* Debug */,
				5E0A68381863DB0E0063E521 /* Release */,
			);
			defaultConfigurationIsVisible = 0;
			defaultConfigurationName = Release;
		};
/* End XCConfigurationList section */
	};
	rootObject = 5E0A67FA1863DB0D0063E521 /* Project object */;
}
